
Microsoft Visual Studio Solution File, Format Version 12.00
# Visual Studio 15
VisualStudioVersion = 15.0.27703.2035
MinimumVisualStudioVersion = 10.0.40219.1
Project("{FAE04EC0-301F-11D3-BF4B-00C04F79EFBC}") = "TestTimer", "TestTimer\TestTimer.csproj", "{CE23144D-58E5-4732-9948-D18DE891B85D}"
EndProject
Global
	GlobalSection(SolutionConfigurationPlatforms) = preSolution
		Debug|Any CPU = Debug|Any CPU
		Release|Any CPU = Release|Any CPU
	EndGlobalSection
	GlobalSection(ProjectConfigurationPlatforms) = postSolution
		{CE23144D-58E5-4732-9948-D18DE891B85D}.Debug|Any CPU.ActiveCfg = Debug|Any CPU
		{CE23144D-58E5-4732-9948-D18DE891B85D}.Debug|Any CPU.Build.0 = Debug|Any CPU
		{CE23144D-58E5-4732-9948-D18DE891B85D}.Release|Any CPU.ActiveCfg = Release|Any CPU
		{CE23144D-58E5-4732-9948-D18DE891B85D}.Release|Any CPU.Build.0 = Release|Any CPU
	EndGlobalSection
	GlobalSection(SolutionProperties) = preSolution
		HideSolutionNode = FALSE
	EndGlobalSection
	GlobalSection(ExtensibilityGlobals) = postSolution
		SolutionGuid = {B47520E0-D60F-4650-B703-FCBD3F4A31CA}
	EndGlobalSection
EndGlobal
